Microsoft Visual Studio Solution File, Format Version 12.00
# Visual Studio Version 17
VisualStudioVersion = 17.5.2.0
MinimumVisualStudioVersion = 10.0.40219.1
Project("{FAE04EC0-301F-11D3-BF4B-00C04F79EFBC}") = "Alkitab", "Alkitab.csproj", "{435165CE-5020-3EBF-DAE4-0FCA998D04D6}"
EndProject
Global
	GlobalSection(SolutionConfigurationPlatforms) = preSolution
		Debug|Any CPU = Debug|Any CPU
		Release|Any CPU = Release|Any CPU
	EndGlobalSection
	GlobalSection(ProjectConfigurationPlatforms) = postSolution
		{435165CE-5020-3EBF-DAE4-0FCA998D04D6}.Debug|Any CPU.ActiveCfg = Debug|Any CPU
		{435165CE-5020-3EBF-DAE4-0FCA998D04D6}.Debug|Any CPU.Build.0 = Debug|Any CPU
		{435165CE-5020-3EBF-DAE4-0FCA998D04D6}.Release|Any CPU.ActiveCfg = Release|Any CPU
		{435165CE-5020-3EBF-DAE4-0FCA998D04D6}.Release|Any CPU.Build.0 = Release|Any CPU
	EndGlobalSection
	GlobalSection(SolutionProperties) = preSolution
		HideSolutionNode = FALSE
	EndGlobalSection
	GlobalSection(ExtensibilityGlobals) = postSolution
		SolutionGuid = {F93554CC-12C3-4C4F-8675-D6B539C7C7E1}
	EndGlobalSection
EndGlobal
